
Microsoft Visual Studio Solution File, Format Version 12.00
# Visual Studio Version 17
VisualStudioVersion = 17.0.31903.59
MinimumVisualStudioVersion = 10.0.40219.1
Project("{FAE04EC0-301F-11D3-BF4B-00C04F79EFBC}") = "Euler", "Euler\Euler.csproj", "{109978C7-BB62-4A13-9B76-6E3B19F76071}"
EndProject
Project("{FAE04EC0-301F-11D3-BF4B-00C04F79EFBC}") = "Euler.Test", "Euler.Test\Euler.Test.csproj", "{9DACCD2D-1AF9-43D7-BF6F-C9E286CCEBF2}"
EndProject
Global
	GlobalSection(SolutionConfigurationPlatforms) = preSolution
		Debug|Any CPU = Debug|Any CPU
		Release|Any CPU = Release|Any CPU
	EndGlobalSection
	GlobalSection(SolutionProperties) = preSolution
		HideSolutionNode = FALSE
	EndGlobalSection
	GlobalSection(ProjectConfigurationPlatforms) = postSolution
		{109978C7-BB62-4A13-9B76-6E3B19F76071}.Debug|Any CPU.ActiveCfg = Debug|Any CPU
		{109978C7-BB62-4A13-9B76-6E3B19F76071}.Debug|Any CPU.Build.0 = Debug|Any CPU
		{109978C7-BB62-4A13-9B76-6E3B19F76071}.Release|Any CPU.ActiveCfg = Release|Any CPU
		{109978C7-BB62-4A13-9B76-6E3B19F76071}.Release|Any CPU.Build.0 = Release|Any CPU
		{9DACCD2D-1AF9-43D7-BF6F-C9E286CCEBF2}.Debug|Any CPU.ActiveCfg = Debug|Any CPU
		{9DACCD2D-1AF9-43D7-BF6F-C9E286CCEBF2}.Debug|Any CPU.Build.0 = Debug|Any CPU
		{9DACCD2D-1AF9-43D7-BF6F-C9E286CCEBF2}.Release|Any CPU.ActiveCfg = Release|Any CPU
		{9DACCD2D-1AF9-43D7-BF6F-C9E286CCEBF2}.Release|Any CPU.Build.0 = Release|Any CPU
	EndGlobalSection
EndGlobal
